// !$*UTF8*$!
{
	archiveVersion = 1;
	classes = {
	};
	objectVersion = 46;
	objects = {

/* Begin PBXBuildFile section */
		525F603C1B7707A60080F4FF /* API.swift in Sources */ = {isa = PBXBuildFile; fileRef = 525F603B1B7707A60080F4FF /* API.swift */; };
		525F60401B7709040080F4FF /* NSBundleExtension.swift in Sources */ = {isa = PBXBuildFile; fileRef = 525F603F1B7709040080F4FF /* NSBundleExtension.swift */; };
		525F60421B77091C0080F4FF /* User.swift in Sources */ = {isa = PBXBuildFile; fileRef = 525F60411B77091C0080F4FF /* User.swift */; };
		525F60441B7709360080F4FF /* Game.swift in Sources */ = {isa = PBXBuildFile; fileRef = 525F60431B7709360080F4FF /* Game.swift */; };
		525F60461B770A430080F4FF /* Move.swift in Sources */ = {isa = PBXBuildFile; fileRef = 525F60451B770A430080F4FF /* Move.swift */; };
		525F60481B770A840080F4FF /* Pile.swift in Sources */ = {isa = PBXBuildFile; fileRef = 525F60471B770A840080F4FF /* Pile.swift */; };
		525F604B1B770E2E0080F4FF /* Login.storyboard in Resources */ = {isa = PBXBuildFile; fileRef = 525F604A1B770E2E0080F4FF /* Login.storyboard */; };
		525F604D1B770E900080F4FF /* LoginViewController.swift in Sources */ = {isa = PBXBuildFile; fileRef = 525F604C1B770E900080F4FF /* LoginViewController.swift */; };
		525F604F1B77130D0080F4FF /* UIViewControllerExtension.swift in Sources */ = {isa = PBXBuildFile; fileRef = 525F604E1B77130D0080F4FF /* UIViewControllerExtension.swift */; };
		525F60521B771D950080F4FF /* MainTableTableViewController.swift in Sources */ = {isa = PBXBuildFile; fileRef = 525F60511B771D950080F4FF /* MainTableTableViewController.swift */; };
		525F60541B771DB20080F4FF /* MainTableViewCell.swift in Sources */ = {isa = PBXBuildFile; fileRef = 525F60531B771DB20080F4FF /* MainTableViewCell.swift */; };
		525F60561B772D180080F4FF /* CreateGameViewController.swift in Sources */ = {isa = PBXBuildFile; fileRef = 525F60551B772D180080F4FF /* CreateGameViewController.swift */; };
		525F60581B772F470080F4FF /* CreateGameTableViewCell.swift in Sources */ = {isa = PBXBuildFile; fileRef = 525F60571B772F470080F4FF /* CreateGameTableViewCell.swift */; };
		525F605A1B7790A00080F4FF /* PlayGameViewController.swift in Sources */ = {isa = PBXBuildFile; fileRef = 525F60591B7790A00080F4FF /* PlayGameViewController.swift */; };
		525F605C1B7791EB0080F4FF /* PlayGameTableViewCell.swift in Sources */ = {isa = PBXBuildFile; fileRef = 525F605B1B7791EB0080F4FF /* PlayGameTableViewCell.swift */; };
		525F605E1B77AC680080F4FF /* NSUserDefaultHelper.swift in Sources */ = {isa = PBXBuildFile; fileRef = 525F605D1B77AC680080F4FF /* NSUserDefaultHelper.swift */; };
		525F60601B77B3530080F4FF /* LandingViewController.swift in Sources */ = {isa = PBXBuildFile; fileRef = 525F605F1B77B3530080F4FF /* LandingViewController.swift */; };
		526534761B77069400A6BC66 /* AppDelegate.swift in Sources */ = {isa = PBXBuildFile; fileRef = 526534751B77069400A6BC66 /* AppDelegate.swift */; };
		526534781B77069400A6BC66 /* ViewController.swift in Sources */ = {isa = PBXBuildFile; fileRef = 526534771B77069400A6BC66 /* ViewController.swift */; };
		5265347B1B77069400A6BC66 /* Main.storyboard in Resources */ = {isa = PBXBuildFile; fileRef = 526534791B77069400A6BC66 /* Main.storyboard */; };
		5265347D1B77069400A6BC66 /* Images.xcassets in Resources */ = {isa = PBXBuildFile; fileRef = 5265347C1B77069400A6BC66 /* Images.xcassets */; };
		526534801B77069400A6BC66 /* LaunchScreen.xib in Resources */ = {isa = PBXBuildFile; fileRef = 5265347E1B77069400A6BC66 /* LaunchScreen.xib */; };
		5265348C1B77069400A6BC66 /* AnramTests.swift in Sources */ = {isa = PBXBuildFile; fileRef = 5265348B1B77069400A6BC66 /* AnramTests.swift */; };
		BD34974862BA66E0C7070EC6 /* Pods.framework in Frameworks */ = {isa = PBXBuildFile; fileRef = 65EB57411CA6B425D9C663D6 /* Pods.framework */; settings = {ATTRIBUTES = (Weak, ); }; };
/* End PBXBuildFile section */

/* Begin PBXContainerItemProxy section */
		526534861B77069400A6BC66 /* PBXContainerItemProxy */ = {
			isa = PBXContainerItemProxy;
			containerPortal = 526534681B77069400A6BC66 /* Project object */;
			proxyType = 1;
			remoteGlobalIDString = 5265346F1B77069400A6BC66;
			remoteInfo = Anram;
		};
/* End PBXContainerItemProxy section */

/* Begin PBXFileReference section */
		319947C66DAAAFF8D8C78075 /* Pods.release.xcconfig */ = {isa = PBXFileReference; includeInIndex = 1; lastKnownFileType = text.xcconfig; name = Pods.release.xcconfig; path = "Pods/Target Support Files/Pods/Pods.release.xcconfig"; sourceTree = "<group>"; };
		525F603B1B7707A60080F4FF /* API.swift */ = {isa = PBXFileReference; fileEncoding = 4; lastKnownFileType = sourcecode.swift; path = API.swift; sourceTree = "<group>"; };
		525F603F1B7709040080F4FF /* NSBundleExtension.swift */ = {isa = PBXFileReference; fileEncoding = 4; lastKnownFileType = sourcecode.swift; path = NSBundleExtension.swift; sourceTree = "<group>"; };
		525F60411B77091C0080F4FF /* User.swift */ = {isa = PBXFileReference; fileEncoding = 4; lastKnownFileType = sourcecode.swift; path = User.swift; sourceTree = "<group>"; };
		525F60431B7709360080F4FF /* Game.swift */ = {isa = PBXFileReference; fileEncoding = 4; lastKnownFileType = sourcecode.swift; path = Game.swift; sourceTree = "<group>"; };
		525F60451B770A430080F4FF /* Move.swift */ = {isa = PBXFileReference; fileEncoding = 4; lastKnownFileType = sourcecode.swift; path = Move.swift; sourceTree = "<group>"; };
		525F60471B770A840080F4FF /* Pile.swift */ = {isa = PBXFileReference; fileEncoding = 4; lastKnownFileType = sourcecode.swift; path = Pile.swift; sourceTree = "<group>"; };
		525F604A1B770E2E0080F4FF /* Login.storyboard */ = {isa = PBXFileReference; fileEncoding = 4; lastKnownFileType = file.storyboard; path = Login.storyboard; sourceTree = "<group>"; };
		525F604C1B770E900080F4FF /* LoginViewController.swift */ = {isa = PBXFileReference; fileEncoding = 4; lastKnownFileType = sourcecode.swift; path = LoginViewController.swift; sourceTree = "<group>"; };
		525F604E1B77130D0080F4FF /* UIViewControllerExtension.swift */ = {isa = PBXFileReference; fileEncoding = 4; lastKnownFileType = sourcecode.swift; path = UIViewControllerExtension.swift; sourceTree = "<group>"; };
		525F60511B771D950080F4FF /* MainTableTableViewController.swift */ = {isa = PBXFileReference; fileEncoding = 4; lastKnownFileType = sourcecode.swift; path = MainTableTableViewController.swift; sourceTree = "<group>"; };
		525F60531B771DB20080F4FF /* MainTableViewCell.swift */ = {isa = PBXFileReference; fileEncoding = 4; lastKnownFileType = sourcecode.swift; path = MainTableViewCell.swift; sourceTree = "<group>"; };
		525F60551B772D180080F4FF /* CreateGameViewController.swift */ = {isa = PBXFileReference; fileEncoding = 4; lastKnownFileType = sourcecode.swift; path = CreateGameViewController.swift; sourceTree = "<group>"; };
		525F60571B772F470080F4FF /* CreateGameTableViewCell.swift */ = {isa = PBXFileReference; fileEncoding = 4; lastKnownFileType = sourcecode.swift; path = CreateGameTableViewCell.swift; sourceTree = "<group>"; };
		525F60591B7790A00080F4FF /* PlayGameViewController.swift */ = {isa = PBXFileReference; fileEncoding = 4; lastKnownFileType = sourcecode.swift; path = PlayGameViewController.swift; sourceTree = "<group>"; };
		525F605B1B7791EB0080F4FF /* PlayGameTableViewCell.swift */ = {isa = PBXFileReference; fileEncoding = 4; lastKnownFileType = sourcecode.swift; path = PlayGameTableViewCell.swift; sourceTree = "<group>"; };
		525F605D1B77AC680080F4FF /* NSUserDefaultHelper.swift */ = {isa = PBXFileReference; fileEncoding = 4; lastKnownFileType = sourcecode.swift; path = NSUserDefaultHelper.swift; sourceTree = "<group>"; };
		525F605F1B77B3530080F4FF /* LandingViewController.swift */ = {isa = PBXFileReference; fileEncoding = 4; lastKnownFileType = sourcecode.swift; path = LandingViewController.swift; sourceTree = "<group>"; };
		526534701B77069400A6BC66 /* Anram.app */ = {isa = PBXFileReference; explicitFileType = wrapper.application; includeInIndex = 0; path = Anram.app; sourceTree = BUILT_PRODUCTS_DIR; };
		526534741B77069400A6BC66 /* Info.plist */ = {isa = PBXFileReference; lastKnownFileType = text.plist.xml; path = Info.plist; sourceTree = "<group>"; };
		526534751B77069400A6BC66 /* AppDelegate.swift */ = {isa = PBXFileReference; lastKnownFileType = sourcecode.swift; path = AppDelegate.swift; sourceTree = "<group>"; };
		526534771B77069400A6BC66 /* ViewController.swift */ = {isa = PBXFileReference; lastKnownFileType = sourcecode.swift; path = ViewController.swift; sourceTree = "<group>"; };
		5265347A1B77069400A6BC66 /* Base */ = {isa = PBXFileReference; lastKnownFileType = file.storyboard; name = Base; path = Base.lproj/Main.storyboard; sourceTree = "<group>"; };
		5265347C1B77069400A6BC66 /* Images.xcassets */ = {isa = PBXFileReference; lastKnownFileType = folder.assetcatalog; path = Images.xcassets; sourceTree = "<group>"; };
		5265347F1B77069400A6BC66 /* Base */ = {isa = PBXFileReference; lastKnownFileType = file.xib; name = Base; path = Base.lproj/LaunchScreen.xib; sourceTree = "<group>"; };
		526534851B77069400A6BC66 /* AnramTests.xctest */ = {isa = PBXFileReference; explicitFileType = wrapper.cfbundle; includeInIndex = 0; path = AnramTests.xctest; sourceTree = BUILT_PRODUCTS_DIR; };
		5265348A1B77069400A6BC66 /* Info.plist */ = {isa = PBXFileReference; lastKnownFileType = text.plist.xml; path = Info.plist; sourceTree = "<group>"; };
		5265348B1B77069400A6BC66 /* AnramTests.swift */ = {isa = PBXFileReference; lastKnownFileType = sourcecode.swift; path = AnramTests.swift; sourceTree = "<group>"; };
		65EB57411CA6B425D9C663D6 /* Pods.framework */ = {isa = PBXFileReference; explicitFileType = wrapper.framework; includeInIndex = 0; path = Pods.framework; sourceTree = BUILT_PRODUCTS_DIR; };
		FC466A518BE3D3F196916B86 /* Pods.debug.xcconfig */ = {isa = PBXFileReference; includeInIndex = 1; lastKnownFileType = text.xcconfig; name = Pods.debug.xcconfig; path = "Pods/Target Support Files/Pods/Pods.debug.xcconfig"; sourceTree = "<group>"; };
/* End PBXFileReference section */

/* Begin PBXFrameworksBuildPhase section */
		5265346D1B77069400A6BC66 /* Frameworks */ = {
			isa = PBXFrameworksBuildPhase;
			buildActionMask = 2147483647;
			files = (
				BD34974862BA66E0C7070EC6 /* Pods.framework in Frameworks */,
			);
			runOnlyForDeploymentPostprocessing = 0;
		};
		526534821B77069400A6BC66 /* Frameworks */ = {
			isa = PBXFrameworksBuildPhase;
			buildActionMask = 2147483647;
			files = (
			);
			runOnlyForDeploymentPostprocessing = 0;
		};
/* End PBXFrameworksBuildPhase section */

/* Begin PBXGroup section */
		525F60391B77077F0080F4FF /* Models */ = {
			isa = PBXGroup;
			children = (
				525F60411B77091C0080F4FF /* User.swift */,
				525F60431B7709360080F4FF /* Game.swift */,
				525F60451B770A430080F4FF /* Move.swift */,
				525F60471B770A840080F4FF /* Pile.swift */,
			);
			name = Models;
			sourceTree = "<group>";
		};
		525F603A1B7707970080F4FF /* API */ = {
			isa = PBXGroup;
			children = (
				525F603B1B7707A60080F4FF /* API.swift */,
			);
			name = API;
			sourceTree = "<group>";
		};
		525F603D1B7708EB0080F4FF /* Library */ = {
			isa = PBXGroup;
			children = (
				525F603E1B7708F40080F4FF /* Internal */,
			);
			name = Library;
			sourceTree = "<group>";
		};
		525F603E1B7708F40080F4FF /* Internal */ = {
			isa = PBXGroup;
			children = (
				525F603F1B7709040080F4FF /* NSBundleExtension.swift */,
				525F604E1B77130D0080F4FF /* UIViewControllerExtension.swift */,
				525F605D1B77AC680080F4FF /* NSUserDefaultHelper.swift */,
			);
			name = Internal;
			sourceTree = "<group>";
		};
		525F60491B770E220080F4FF /* Login */ = {
			isa = PBXGroup;
			children = (
				525F604A1B770E2E0080F4FF /* Login.storyboard */,
				525F604C1B770E900080F4FF /* LoginViewController.swift */,
				525F605F1B77B3530080F4FF /* LandingViewController.swift */,
			);
			name = Login;
			sourceTree = "<group>";
		};
		525F60501B771D670080F4FF /* Main */ = {
			isa = PBXGroup;
			children = (
				526534791B77069400A6BC66 /* Main.storyboard */,
				525F60511B771D950080F4FF /* MainTableTableViewController.swift */,
				525F60531B771DB20080F4FF /* MainTableViewCell.swift */,
				525F60551B772D180080F4FF /* CreateGameViewController.swift */,
				525F60571B772F470080F4FF /* CreateGameTableViewCell.swift */,
				525F60591B7790A00080F4FF /* PlayGameViewController.swift */,
				525F605B1B7791EB0080F4FF /* PlayGameTableViewCell.swift */,
			);
			name = Main;
			sourceTree = "<group>";
		};
		526534671B77069400A6BC66 = {
			isa = PBXGroup;
			children = (
				526534721B77069400A6BC66 /* Anram */,
				526534881B77069400A6BC66 /* AnramTests */,
				526534711B77069400A6BC66 /* Products */,
				9194C6672BAADCE14A7C2670 /* Pods */,
				B67FEB9D24FED67CEEFAE205 /* Frameworks */,
				525F603D1B7708EB0080F4FF /* Library */,
			);
			sourceTree = "<group>";
		};
		526534711B77069400A6BC66 /* Products */ = {
			isa = PBXGroup;
			children = (
				526534701B77069400A6BC66 /* Anram.app */,
				526534851B77069400A6BC66 /* AnramTests.xctest */,
			);
			name = Products;
			sourceTree = "<group>";
		};
		526534721B77069400A6BC66 /* Anram */ = {
			isa = PBXGroup;
			children = (
				525F60501B771D670080F4FF /* Main */,
				525F60491B770E220080F4FF /* Login */,
				525F603A1B7707970080F4FF /* API */,
				525F60391B77077F0080F4FF /* Models */,
				526534751B77069400A6BC66 /* AppDelegate.swift */,
				526534771B77069400A6BC66 /* ViewController.swift */,
				5265347C1B77069400A6BC66 /* Images.xcassets */,
				5265347E1B77069400A6BC66 /* LaunchScreen.xib */,
				526534731B77069400A6BC66 /* Supporting Files */,
			);
			path = Anram;
			sourceTree = "<group>";
		};
		526534731B77069400A6BC66 /* Supporting Files */ = {
			isa = PBXGroup;
			children = (
				526534741B77069400A6BC66 /* Info.plist */,
			);
			name = "Supporting Files";
			sourceTree = "<group>";
		};
		526534881B77069400A6BC66 /* AnramTests */ = {
			isa = PBXGroup;
			children = (
				5265348B1B77069400A6BC66 /* AnramTests.swift */,
				526534891B77069400A6BC66 /* Supporting Files */,
			);
			path = AnramTests;
			sourceTree = "<group>";
		};
		526534891B77069400A6BC66 /* Supporting Files */ = {
			isa = PBXGroup;
			children = (
				5265348A1B77069400A6BC66 /* Info.plist */,
			);
			name = "Supporting Files";
			sourceTree = "<group>";
		};
		9194C6672BAADCE14A7C2670 /* Pods */ = {
			isa = PBXGroup;
			children = (
				FC466A518BE3D3F196916B86 /* Pods.debug.xcconfig */,
				319947C66DAAAFF8D8C78075 /* Pods.release.xcconfig */,
			);
			name = Pods;
			sourceTree = "<group>";
		};
		B67FEB9D24FED67CEEFAE205 /* Frameworks */ = {
			isa = PBXGroup;
			children = (
				65EB57411CA6B425D9C663D6 /* Pods.framework */,
			);
			name = Frameworks;
			sourceTree = "<group>";
		};
/* End PBXGroup section */

/* Begin PBXNativeTarget section */
		5265346F1B77069400A6BC66 /* Anram */ = {
			isa = PBXNativeTarget;
			buildConfigurationList = 5265348F1B77069400A6BC66 /* Build configuration list for PBXNativeTarget "Anram" */;
			buildPhases = (
				C9BE4ED1043056EFD4F596E5 /* Check Pods Manifest.lock */,
				5265346C1B77069400A6BC66 /* Sources */,
				5265346D1B77069400A6BC66 /* Frameworks */,
				5265346E1B77069400A6BC66 /* Resources */,
				A77E3DF164AB3BFA2E257691 /* Embed Pods Frameworks */,
				DC66F9FA8D9CBB6D4CEFFE5F /* Copy Pods Resources */,
			);
			buildRules = (
			);
			dependencies = (
			);
			name = Anram;
			productName = Anram;
			productReference = 526534701B77069400A6BC66 /* Anram.app */;
			productType = "com.apple.product-type.application";
		};
		526534841B77069400A6BC66 /* AnramTests */ = {
			isa = PBXNativeTarget;
			buildConfigurationList = 526534921B77069400A6BC66 /* Build configuration list for PBXNativeTarget "AnramTests" */;
			buildPhases = (
				526534811B77069400A6BC66 /* Sources */,
				526534821B77069400A6BC66 /* Frameworks */,
				526534831B77069400A6BC66 /* Resources */,
			);
			buildRules = (
			);
			dependencies = (
				526534871B77069400A6BC66 /* PBXTargetDependency */,
			);
			name = AnramTests;
			productName = AnramTests;
			productReference = 526534851B77069400A6BC66 /* AnramTests.xctest */;
			productType = "com.apple.product-type.bundle.unit-test";
		};
/* End PBXNativeTarget section */

/* Begin PBXProject section */
		526534681B77069400A6BC66 /* Project object */ = {
			isa = PBXProject;
			attributes = {
				LastUpgradeCheck = 0640;
				ORGANIZATIONNAME = "Nelson Shaw";
				TargetAttributes = {
					5265346F1B77069400A6BC66 = {
						CreatedOnToolsVersion = 6.4;
					};
					526534841B77069400A6BC66 = {
						CreatedOnToolsVersion = 6.4;
						TestTargetID = 5265346F1B77069400A6BC66;
					};
				};
			};
			buildConfigurationList = 5265346B1B77069400A6BC66 /* Build configuration list for PBXProject "Anram" */;
			compatibilityVersion = "Xcode 3.2";
			developmentRegion = English;
			hasScannedForEncodings = 0;
			knownRegions = (
				en,
				Base,
			);
			mainGroup = 526534671B77069400A6BC66;
			productRefGroup = 526534711B77069400A6BC66 /* Products */;
			projectDirPath = "";
			projectRoot = "";
			targets = (
				5265346F1B77069400A6BC66 /* Anram */,
				526534841B77069400A6BC66 /* AnramTests */,
			);
		};
/* End PBXProject section */

/* Begin PBXResourcesBuildPhase section */
		5265346E1B77069400A6BC66 /* Resources */ = {
			isa = PBXResourcesBuildPhase;
			buildActionMask = 2147483647;
			files = (
				525F604B1B770E2E0080F4FF /* Login.storyboard in Resources */,
				5265347B1B77069400A6BC66 /* Main.storyboard in Resources */,
				526534801B77069400A6BC66 /* LaunchScreen.xib in Resources */,
				5265347D1B77069400A6BC66 /* Images.xcassets in Resources */,
			);
			runOnlyForDeploymentPostprocessing = 0;
		};
		526534831B77069400A6BC66 /* Resources */ = {
			isa = PBXResourcesBuildPhase;
			buildActionMask = 2147483647;
			files = (
			);
			runOnlyForDeploymentPostprocessing = 0;
		};
/* End PBXResourcesBuildPhase section */

/* Begin PBXShellScriptBuildPhase section */
		A77E3DF164AB3BFA2E257691 /* Embed Pods Frameworks */ = {
			isa = PBXShellScriptBuildPhase;
			buildActionMask = 2147483647;
			files = (
			);
			inputPaths = (
			);
			name = "Embed Pods Frameworks";
			outputPaths = (
			);
			runOnlyForDeploymentPostprocessing = 0;
			shellPath = /bin/sh;
			shellScript = "\"${SRCROOT}/Pods/Target Support Files/Pods/Pods-frameworks.sh\"\n";
			showEnvVarsInLog = 0;
		};
		C9BE4ED1043056EFD4F596E5 /* Check Pods Manifest.lock */ = {
			isa = PBXShellScriptBuildPhase;
			buildActionMask = 2147483647;
			files = (
			);
			inputPaths = (
			);
			name = "Check Pods Manifest.lock";
			outputPaths = (
			);
			runOnlyForDeploymentPostprocessing = 0;
			shellPath = /bin/sh;
			shellScript = "diff \"${PODS_ROOT}/../Podfile.lock\" \"${PODS_ROOT}/Manifest.lock\" > /dev/null\nif [[ $? != 0 ]] ; then\n    cat << EOM\nerror: The sandbox is not in sync with the Podfile.lock. Run 'pod install' or update your CocoaPods installation.\nEOM\n    exit 1\nfi\n";
			showEnvVarsInLog = 0;
		};
		DC66F9FA8D9CBB6D4CEFFE5F /* Copy Pods Resources */ = {
			isa = PBXShellScriptBuildPhase;
			buildActionMask = 2147483647;
			files = (
			);
			inputPaths = (
			);
			name = "Copy Pods Resources";
			outputPaths = (
			);
			runOnlyForDeploymentPostprocessing = 0;
			shellPath = /bin/sh;
			shellScript = "\"${SRCROOT}/Pods/Target Support Files/Pods/Pods-resources.sh\"\n";
			showEnvVarsInLog = 0;
		};
/* End PBXShellScriptBuildPhase section */

/* Begin PBXSourcesBuildPhase section */
		5265346C1B77069400A6BC66 /* Sources */ = {
			isa = PBXSourcesBuildPhase;
			buildActionMask = 2147483647;
			files = (
				525F604D1B770E900080F4FF /* LoginViewController.swift in Sources */,
				525F60581B772F470080F4FF /* CreateGameTableViewCell.swift in Sources */,
				525F605A1B7790A00080F4FF /* PlayGameViewController.swift in Sources */,
				525F60561B772D180080F4FF /* CreateGameViewController.swift in Sources */,
				525F60461B770A430080F4FF /* Move.swift in Sources */,
				525F605E1B77AC680080F4FF /* NSUserDefaultHelper.swift in Sources */,
				525F604F1B77130D0080F4FF /* UIViewControllerExtension.swift in Sources */,
				525F60521B771D950080F4FF /* MainTableTableViewController.swift in Sources */,
				526534781B77069400A6BC66 /* ViewController.swift in Sources */,
				525F60441B7709360080F4FF /* Game.swift in Sources */,
				525F605C1B7791EB0080F4FF /* PlayGameTableViewCell.swift in Sources */,
				525F603C1B7707A60080F4FF /* API.swift in Sources */,
				525F60401B7709040080F4FF /* NSBundleExtension.swift in Sources */,
				525F60421B77091C0080F4FF /* User.swift in Sources */,
				526534761B77069400A6BC66 /* AppDelegate.swift in Sources */,
				525F60541B771DB20080F4FF /* MainTableViewCell.swift in Sources */,
				525F60601B77B3530080F4FF /* LandingViewController.swift in Sources */,
				525F60481B770A840080F4FF /* Pile.swift in Sources */,
			);
			runOnlyForDeploymentPostprocessing = 0;
		};
		526534811B77069400A6BC66 /* Sources */ = {
			isa = PBXSourcesBuildPhase;
			buildActionMask = 2147483647;
			files = (
				5265348C1B77069400A6BC66 /* AnramTests.swift in Sources */,
			);
			runOnlyForDeploymentPostprocessing = 0;
		};
/* End PBXSourcesBuildPhase section */

/* Begin PBXTargetDependency section */
		526534871B77069400A6BC66 /* PBXTargetDependency */ = {
			isa = PBXTargetDependency;
			target = 5265346F1B77069400A6BC66 /* Anram */;
			targetProxy = 526534861B77069400A6BC66 /* PBXContainerItemProxy */;
		};
/* End PBXTargetDependency section */

/* Begin PBXVariantGroup section */
		526534791B77069400A6BC66 /* Main.storyboard */ = {
			isa = PBXVariantGroup;
			children = (
				5265347A1B77069400A6BC66 /* Base */,
			);
			name = Main.storyboard;
			sourceTree = "<group>";
		};
		5265347E1B77069400A6BC66 /* LaunchScreen.xib */ = {
			isa = PBXVariantGroup;
			children = (
				5265347F1B77069400A6BC66 /* Base */,
			);
			name = LaunchScreen.xib;
			sourceTree = "<group>";
		};
/* End PBXVariantGroup section */

/* Begin XCBuildConfiguration section */
		5265348D1B77069400A6BC66 /* Debug */ = {
			isa = XCBuildConfiguration;
			buildSettings = {
				ALWAYS_SEARCH_USER_PATHS = NO;
				CLANG_CXX_LANGUAGE_STANDARD = "gnu++0x";
				CLANG_CXX_LIBRARY = "libc++";
				CLANG_ENABLE_MODULES = YES;
				CLANG_ENABLE_OBJC_ARC = YES;
				CLANG_WARN_BOOL_CONVERSION = YES;
				CLANG_WARN_CONSTANT_CONVERSION = YES;
				CLANG_WARN_DIRECT_OBJC_ISA_USAGE = YES_ERROR;
				CLANG_WARN_EMPTY_BODY = YES;
				CLANG_WARN_ENUM_CONVERSION = YES;
				CLANG_WARN_INT_CONVERSION = YES;
				CLANG_WARN_OBJC_ROOT_CLASS = YES_ERROR;
				CLANG_WARN_UNREACHABLE_CODE = YES;
				CLANG_WARN__DUPLICATE_METHOD_MATCH = YES;
				"CODE_SIGN_IDENTITY[sdk=iphoneos*]" = "iPhone Developer";
				COPY_PHASE_STRIP = NO;
				DEBUG_INFORMATION_FORMAT = "dwarf-with-dsym";
				ENABLE_STRICT_OBJC_MSGSEND = YES;
				GCC_C_LANGUAGE_STANDARD = gnu99;
				GCC_DYNAMIC_NO_PIC = NO;
				GCC_NO_COMMON_BLOCKS = YES;
				GCC_OPTIMIZATION_LEVEL = 0;
				GCC_PREPROCESSOR_DEFINITIONS = (
					"DEBUG=1",
					"$(inherited)",
				);
				GCC_SYMBOLS_PRIVATE_EXTERN = NO;
				GCC_WARN_64_TO_32_BIT_CONVERSION = YES;
				GCC_WARN_ABOUT_RETURN_TYPE = YES_ERROR;
				GCC_WARN_UNDECLARED_SELECTOR = YES;
				GCC_WARN_UNINITIALIZED_AUTOS = YES_AGGRESSIVE;
				GCC_WARN_UNUSED_FUNCTION = YES;
				GCC_WARN_UNUSED_VARIABLE = YES;
				IPHONEOS_DEPLOYMENT_TARGET = 8.4;
				MTL_ENABLE_DEBUG_INFO = YES;
				ONLY_ACTIVE_ARCH = YES;
				SDKROOT = iphoneos;
				SWIFT_OPTIMIZATION_LEVEL = "-Onone";
				TARGETED_DEVICE_FAMILY = "1,2";
			};
			name = Debug;
		};
		5265348E1B77069400A6BC66 /* Release */ = {
			isa = XCBuildConfiguration;
			buildSettings = {
				ALWAYS_SEARCH_USER_PATHS = NO;
				CLANG_CXX_LANGUAGE_STANDARD = "gnu++0x";
				CLANG_CXX_LIBRARY = "libc++";
				CLANG_ENABLE_MODULES = YES;
				CLANG_ENABLE_OBJC_ARC = YES;
				CLANG_WARN_BOOL_CONVERSION = YES;
				CLANG_WARN_CONSTANT_CONVERSION = YES;
				CLANG_WARN_DIRECT_OBJC_ISA_USAGE = YES_ERROR;
				CLANG_WARN_EMPTY_BODY = YES;
				CLANG_WARN_ENUM_CONVERSION = YES;
				CLANG_WARN_INT_CONVERSION = YES;
				CLANG_WARN_OBJC_ROOT_CLASS = YES_ERROR;
				CLANG_WARN_UNREACHABLE_CODE = YES;
				CLANG_WARN__DUPLICATE_METHOD_MATCH = YES;
				"CODE_SIGN_IDENTITY[sdk=iphoneos*]" = "iPhone Developer";
				COPY_PHASE_STRIP = NO;
				DEBUG_INFORMATION_FORMAT = "dwarf-with-dsym";
				ENABLE_NS_ASSERTIONS = NO;
				ENABLE_STRICT_OBJC_MSGSEND = YES;
				GCC_C_LANGUAGE_STANDARD = gnu99;
				GCC_NO_COMMON_BLOCKS = YES;
				GCC_WARN_64_TO_32_BIT_CONVERSION = YES;
				GCC_WARN_ABOUT_RETURN_TYPE = YES_ERROR;
				GCC_WARN_UNDECLARED_SELECTOR = YES;
				GCC_WARN_UNINITIALIZED_AUTOS = YES_AGGRESSIVE;
				GCC_WARN_UNUSED_FUNCTION = YES;
				GCC_WARN_UNUSED_VARIABLE = YES;
				IPHONEOS_DEPLOYMENT_TARGET = 8.4;
				MTL_ENABLE_DEBUG_INFO = NO;
				SDKROOT = iphoneos;
				TARGETED_DEVICE_FAMILY = "1,2";
				VALIDATE_PRODUCT = YES;
			};
			name = Release;
		};
		526534901B77069400A6BC66 /* Debug */ = {
			isa = XCBuildConfiguration;
			baseConfigurationReference = FC466A518BE3D3F196916B86 /* Pods.debug.xcconfig */;
			buildSettings = {
				ASSETCATALOG_COMPILER_APPICON_NAME = AppIcon;
				INFOPLIST_FILE = Anram/Info.plist;
				LD_RUNPATH_SEARCH_PATHS = "$(inherited) @executable_path/Frameworks";
				PRODUCT_NAME = "$(TARGET_NAME)";
			};
			name = Debug;
		};
		526534911B77069400A6BC66 /* Release */ = {
			isa = XCBuildConfiguration;
			baseConfigurationReference = 319947C66DAAAFF8D8C78075 /* Pods.release.xcconfig */;
			buildSettings = {
				ASSETCATALOG_COMPILER_APPICON_NAME = AppIcon;
				INFOPLIST_FILE = Anram/Info.plist;
				LD_RUNPATH_SEARCH_PATHS = "$(inherited) @executable_path/Frameworks";
				PRODUCT_NAME = "$(TARGET_NAME)";
			};
			name = Release;
		};
		526534931B77069400A6BC66 /* Debug */ = {
			isa = XCBuildConfiguration;
			buildSettings = {
				BUNDLE_LOADER = "$(TEST_HOST)";
				FRAMEWORK_SEARCH_PATHS = (
					"$(SDKROOT)/Developer/Library/Frameworks",
					"$(inherited)",
				);
				GCC_PREPROCESSOR_DEFINITIONS = (
					"DEBUG=1",
					"$(inherited)",
				);
				INFOPLIST_FILE = AnramTests/Info.plist;
				LD_RUNPATH_SEARCH_PATHS = "$(inherited) @executable_path/Frameworks @loader_path/Frameworks";
				PRODUCT_NAME = "$(TARGET_NAME)";
				TEST_HOST = "$(BUILT_PRODUCTS_DIR)/Anram.app/Anram";
			};
			name = Debug;
		};
		526534941B77069400A6BC66 /* Release */ = {
			isa = XCBuildConfiguration;
			buildSettings = {
				BUNDLE_LOADER = "$(TEST_HOST)";
				FRAMEWORK_SEARCH_PATHS = (
					"$(SDKROOT)/Developer/Library/Frameworks",
					"$(inherited)",
				);
				INFOPLIST_FILE = AnramTests/Info.plist;
				LD_RUNPATH_SEARCH_PATHS = "$(inherited) @executable_path/Frameworks @loader_path/Frameworks";
				PRODUCT_NAME = "$(TARGET_NAME)";
				TEST_HOST = "$(BUILT_PRODUCTS_DIR)/Anram.app/Anram";
			};
			name = Release;
		};
/* End XCBuildConfiguration section */

/* Begin XCConfigurationList section */
		5265346B1B77069400A6BC66 /* Build configuration list for PBXProject "Anram" */ = {
			isa = XCConfigurationList;
			buildConfigurations = (
				5265348D1B77069400A6BC66 /* Debug */,
				5265348E1B77069400A6BC66 /* Release */,
			);
			defaultConfigurationIsVisible = 0;
			defaultConfigurationName = Release;
		};
		5265348F1B77069400A6BC66 /* Build configuration list for PBXNativeTarget "Anram" */ = {
			isa = XCConfigurationList;
			buildConfigurations = (
				526534901B77069400A6BC66 /* Debug */,
				526534911B77069400A6BC66 /* Release */,
			);
			defaultConfigurationIsVisible = 0;
			defaultConfigurationName = Release;
		};
		526534921B77069400A6BC66 /* Build configuration list for PBXNativeTarget "AnramTests" */ = {
			isa = XCConfigurationList;
			buildConfigurations = (
				526534931B77069400A6BC66 /* Debug */,
				526534941B77069400A6BC66 /* Release */,
			);
			defaultConfigurationIsVisible = 0;
			defaultConfigurationName = Release;
		};
/* End XCConfigurationList section */
	};
	rootObject = 526534681B77069400A6BC66 /* Project object */;
}
